
Microsoft Visual Studio Solution File, Format Version 12.00
# Visual Studio Version 17
VisualStudioVersion = 17.0.31903.59
MinimumVisualStudioVersion = 10.0.40219.1
Project("{FAE04EC0-301F-11D3-BF4B-00C04F79EFBC}") = "AssemblyInformation", "AssemblyInformation\AssemblyInformation.csproj", "{EDA25DBF-B43F-4370-BF0C-A680E5EA76D1}"
EndProject
Project("{FAE04EC0-301F-11D3-BF4B-00C04F79EFBC}") = "AssemblyInformation.Model", "AssemblyInformation.Model\AssemblyInformation.Model.csproj", "{9AC2BD2E-9D97-4A75-A00F-1FA05A6AA98A}"
EndProject
Global
	GlobalSection(SolutionConfigurationPlatforms) = preSolution
		Debug|Any CPU = Debug|Any CPU
		Release|Any CPU = Release|Any CPU
	EndGlobalSection
	GlobalSection(ProjectConfigurationPlatforms) = postSolution
		{EDA25DBF-B43F-4370-BF0C-A680E5EA76D1}.Debug|Any CPU.ActiveCfg = Debug|Any CPU
		{EDA25DBF-B43F-4370-BF0C-A680E5EA76D1}.Debug|Any CPU.Build.0 = Debug|Any CPU
		{EDA25DBF-B43F-4370-BF0C-A680E5EA76D1}.Release|Any CPU.ActiveCfg = Release|Any CPU
		{EDA25DBF-B43F-4370-BF0C-A680E5EA76D1}.Release|Any CPU.Build.0 = Release|Any CPU
		{9AC2BD2E-9D97-4A75-A00F-1FA05A6AA98A}.Debug|Any CPU.ActiveCfg = Debug|Any CPU
		{9AC2BD2E-9D97-4A75-A00F-1FA05A6AA98A}.Debug|Any CPU.Build.0 = Debug|Any CPU
		{9AC2BD2E-9D97-4A75-A00F-1FA05A6AA98A}.Release|Any CPU.ActiveCfg = Release|Any CPU
		{9AC2BD2E-9D97-4A75-A00F-1FA05A6AA98A}.Release|Any CPU.Build.0 = Release|Any CPU
	EndGlobalSection
	GlobalSection(SolutionProperties) = preSolution
		HideSolutionNode = FALSE
	EndGlobalSection
	GlobalSection(ExtensibilityGlobals) = postSolution
		SolutionGuid = {0EBC35FC-594F-4B08-8F99-044C5740C9FC}
	EndGlobalSection
EndGlobal
